<?xml version="1.0" encoding="utf-8"?>
<Project ToolsVersion="4.0" xmlns="http://schemas.microsoft.com/developer/msbuild/2003">
  <ItemGroup>
    <Filter Include="Headers">
      <UniqueIdentifier>{C196CD9C-2D76-4C38-368E-D70EA2ECB299}</UniqueIdentifier>
    </Filter>
    <Filter Include="Sources">
      <UniqueIdentifier>{89565304-F535-D29F-FE4D-5D766AAC3801}</UniqueIdentifier>
    </Filter>
    <Filter Include="Sources\Net">
      <UniqueIdentifier>{1F92D813-8B47-5109-143C-4BE080F0470D}</UniqueIdentifier>
    </Filter>
  </ItemGroup>
  <ItemGroup>
    <ClInclude Include="..\Source\Backlog.hpp">
      <Filter>Headers</Filter>
    </ClInclude>
    <ClInclude Include="..\Source\Defines.hpp">
      <Filter>Headers</Filter>
    </ClInclude>
    <ClInclude Include="..\Source\Input.hpp">
      <Filter>Headers</Filter>
    </ClInclude>
    <ClInclude Include="..\Source\Net\SocketAddress.hpp">
      <Filter>Headers</Filter>
    </ClInclude>
    <ClInclude Include="..\Source\Net\SocketAddressFactory.hpp">
      <Filter>Headers</Filter>
    </ClInclude>
    <ClInclude Include="..\Source\Net\SocketUtil.hpp">
      <Filter>Headers</Filter>
    </ClInclude>
    <ClInclude Include="..\Source\Net\TCPSocket.hpp">
      <Filter>Headers</Filter>
    </ClInclude>
    <ClInclude Include="..\Source\Net\UDPSocket.hpp">
      <Filter>Headers</Filter>
    </ClInclude>
    <ClInclude Include="..\Source\Net\WinsockManager.hpp">
      <Filter>Headers</Filter>
    </ClInclude>
    <ClInclude Include="..\Source\Testing.hpp">
      <Filter>Headers</Filter>
    </ClInclude>
  </ItemGroup>
  <ItemGroup>
    <ClCompile Include="..\Source\Net\SocketAddress.cpp">
      <Filter>Sources\Net</Filter>
    </ClCompile>
    <ClCompile Include="..\Source\Net\SocketAddressFactory.cpp">
      <Filter>Sources\Net</Filter>
    </ClCompile>
    <ClCompile Include="..\Source\Net\SocketUtil.cpp">
      <Filter>Sources\Net</Filter>
    </ClCompile>
    <ClCompile Include="..\Source\Net\TCPSocket.cpp">
      <Filter>Sources\Net</Filter>
    </ClCompile>
    <ClCompile Include="..\Source\Net\UDPSocket.cpp">
      <Filter>Sources\Net</Filter>
    </ClCompile>
    <ClCompile Include="..\Source\Net\WinsockManager.cpp">
      <Filter>Sources\Net</Filter>
    </ClCompile>
    <ClCompile Include="..\Source\main.cpp">
      <Filter>Sources</Filter>
    </ClCompile>
  </ItemGroup>
</Project>